// !$*UTF8*$!
{
	archiveVersion = 1;
	classes = {
	};
	objectVersion = 46;
	objects = {

/* Begin PBXBuildFile section */
		81490071CB86E98D900FF284 /* libPods-PLPlayerPackaging.a in Frameworks */ = {isa = PBXBuildFile; fileRef = 58C7B024DAE9B2FB124B8A87 /* libPods-PLPlayerPackaging.a */; };
		B838E9651F5557EE00F35F27 /* AppDelegate.m in Sources */ = {isa = PBXBuildFile; fileRef = B838E9441F5557EE00F35F27 /* AppDelegate.m */; };
		B838E9661F5557EE00F35F27 /* Assets.xcassets in Resources */ = {isa = PBXBuildFile; fileRef = B838E9451F5557EE00F35F27 /* Assets.xcassets */; };
		B838E9671F5557EE00F35F27 /* LaunchScreen.storyboard in Resources */ = {isa = PBXBuildFile; fileRef = B838E9461F5557EE00F35F27 /* LaunchScreen.storyboard */; };
		B838E9681F5557EE00F35F27 /* Main.storyboard in Resources */ = {isa = PBXBuildFile; fileRef = B838E9481F5557EE00F35F27 /* Main.storyboard */; };
		B838E9691F5557EE00F35F27 /* Info.plist in Resources */ = {isa = PBXBuildFile; fileRef = B838E94A1F5557EE00F35F27 /* Info.plist */; };
		B838E96A1F5557EE00F35F27 /* main.m in Sources */ = {isa = PBXBuildFile; fileRef = B838E94B1F5557EE00F35F27 /* main.m */; };
		B838E9751F5557EE00F35F27 /* SecondViewController.m in Sources */ = {isa = PBXBuildFile; fileRef = B838E9621F5557EE00F35F27 /* SecondViewController.m */; };
		B838E9761F5557EE00F35F27 /* ViewController.m in Sources */ = {isa = PBXBuildFile; fileRef = B838E9641F5557EE00F35F27 /* ViewController.m */; };
		B8C94EF71F58078C0048BC94 /* AppDelegate+NI_Extension.m in Sources */ = {isa = PBXBuildFile; fileRef = B8C94ECC1F58078C0048BC94 /* AppDelegate+NI_Extension.m */; };
		B8C94EF81F58078C0048BC94 /* UINavigationController+NI_allowRote.m in Sources */ = {isa = PBXBuildFile; fileRef = B8C94ECE1F58078C0048BC94 /* UINavigationController+NI_allowRote.m */; };
		B8C94EF91F58078C0048BC94 /* UITabBarController+NI_allRote.m in Sources */ = {isa = PBXBuildFile; fileRef = B8C94ED01F58078C0048BC94 /* UITabBarController+NI_allRote.m */; };
		B8C94EFA1F58078C0048BC94 /* UIView+ni_keyboard.m in Sources */ = {isa = PBXBuildFile; fileRef = B8C94ED21F58078C0048BC94 /* UIView+ni_keyboard.m */; };
		B8C94EFB1F58078C0048BC94 /* IBCBarrageView.m in Sources */ = {isa = PBXBuildFile; fileRef = B8C94ED51F58078C0048BC94 /* IBCBarrageView.m */; };
		B8C94EFC1F58078C0048BC94 /* PlayerFullChatView.m in Sources */ = {isa = PBXBuildFile; fileRef = B8C94ED71F58078C0048BC94 /* PlayerFullChatView.m */; };
		B8C94EFD1F58078C0048BC94 /* DemoDanmakuModel.m in Sources */ = {isa = PBXBuildFile; fileRef = B8C94EDA1F58078C0048BC94 /* DemoDanmakuModel.m */; };
		B8C94EFE1F58078C0048BC94 /* HJDanmakuCell.m in Sources */ = {isa = PBXBuildFile; fileRef = B8C94EDD1F58078C0048BC94 /* HJDanmakuCell.m */; };
		B8C94EFF1F58078C0048BC94 /* HJDanmakuConfiguration.m in Sources */ = {isa = PBXBuildFile; fileRef = B8C94EDF1F58078C0048BC94 /* HJDanmakuConfiguration.m */; };
		B8C94F001F58078C0048BC94 /* HJDanmakuModel.m in Sources */ = {isa = PBXBuildFile; fileRef = B8C94EE21F58078C0048BC94 /* HJDanmakuModel.m */; };
		B8C94F011F58078C0048BC94 /* HJDanmakuView.m in Sources */ = {isa = PBXBuildFile; fileRef = B8C94EE41F58078C0048BC94 /* HJDanmakuView.m */; };
		B8C94F021F58078C0048BC94 /* NINetMonitor.m in Sources */ = {isa = PBXBuildFile; fileRef = B8C94EE71F58078C0048BC94 /* NINetMonitor.m */; };
		B8C94F031F58078C0048BC94 /* NIReachability.m in Sources */ = {isa = PBXBuildFile; fileRef = B8C94EE91F58078C0048BC94 /* NIReachability.m */; };
		B8C94F041F58078C0048BC94 /* Pack.bundle in Resources */ = {isa = PBXBuildFile; fileRef = B8C94EEA1F58078C0048BC94 /* Pack.bundle */; };
		B8C94F051F58078C0048BC94 /* PackControlScheduler.m in Sources */ = {isa = PBXBuildFile; fileRef = B8C94EEC1F58078C0048BC94 /* PackControlScheduler.m */; };
		B8C94F061F58078C0048BC94 /* PackPlayer.m in Sources */ = {isa = PBXBuildFile; fileRef = B8C94EEE1F58078C0048BC94 /* PackPlayer.m */; };
		B8C94F071F58078C0048BC94 /* PackPlayerControl.m in Sources */ = {isa = PBXBuildFile; fileRef = B8C94EF01F58078C0048BC94 /* PackPlayerControl.m */; };
		B8C94F081F58078C0048BC94 /* PackPlayerControl.xib in Resources */ = {isa = PBXBuildFile; fileRef = B8C94EF11F58078C0048BC94 /* PackPlayerControl.xib */; };
		B8C94F091F58078C0048BC94 /* PackPlayerSlider.m in Sources */ = {isa = PBXBuildFile; fileRef = B8C94EF51F58078C0048BC94 /* PackPlayerSlider.m */; };
/* End PBXBuildFile section */

/* Begin PBXFileReference section */
		27A1DF62B2CA790EE29A7021 /* Pods-PLPlayerPackaging.release.xcconfig */ = {isa = PBXFileReference; includeInIndex = 1; lastKnownFileType = text.xcconfig; name = "Pods-PLPlayerPackaging.release.xcconfig"; path = "Pods/Target Support Files/Pods-PLPlayerPackaging/Pods-PLPlayerPackaging.release.xcconfig"; sourceTree = "<group>"; };
		58C7B024DAE9B2FB124B8A87 /* libPods-PLPlayerPackaging.a */ = {isa = PBXFileReference; explicitFileType = archive.ar; includeInIndex = 0; path = "libPods-PLPlayerPackaging.a"; sourceTree = BUILT_PRODUCTS_DIR; };
		826EAE65215D24EEACF24D24 /* Pods-PLPlayerPackaging.debug.xcconfig */ = {isa = PBXFileReference; includeInIndex = 1; lastKnownFileType = text.xcconfig; name = "Pods-PLPlayerPackaging.debug.xcconfig"; path = "Pods/Target Support Files/Pods-PLPlayerPackaging/Pods-PLPlayerPackaging.debug.xcconfig"; sourceTree = "<group>"; };
		B838E9431F5557EE00F35F27 /* AppDelegate.h */ = {isa = PBXFileReference; fileEncoding = 4; lastKnownFileType = sourcecode.c.h; path = AppDelegate.h; sourceTree = "<group>"; };
		B838E9441F5557EE00F35F27 /* AppDelegate.m */ = {isa = PBXFileReference; fileEncoding = 4; lastKnownFileType = sourcecode.c.objc; path = AppDelegate.m; sourceTree = "<group>"; };
		B838E9451F5557EE00F35F27 /* Assets.xcassets */ = {isa = PBXFileReference; lastKnownFileType = folder.assetcatalog; path = Assets.xcassets; sourceTree = "<group>"; };
		B838E9471F5557EE00F35F27 /* Base */ = {isa = PBXFileReference; lastKnownFileType = file.storyboard; name = Base; path = Base.lproj/LaunchScreen.storyboard; sourceTree = "<group>"; };
		B838E9491F5557EE00F35F27 /* Base */ = {isa = PBXFileReference; lastKnownFileType = file.storyboard; name = Base; path = Base.lproj/Main.storyboard; sourceTree = "<group>"; };
		B838E94A1F5557EE00F35F27 /* Info.plist */ = {isa = PBXFileReference; fileEncoding = 4; lastKnownFileType = text.plist.xml; path = Info.plist; sourceTree = "<group>"; };
		B838E94B1F5557EE00F35F27 /* main.m */ = {isa = PBXFileReference; fileEncoding = 4; lastKnownFileType = sourcecode.c.objc; path = main.m; sourceTree = "<group>"; };
		B838E9611F5557EE00F35F27 /* SecondViewController.h */ = {isa = PBXFileReference; fileEncoding = 4; lastKnownFileType = sourcecode.c.h; path = SecondViewController.h; sourceTree = "<group>"; };
		B838E9621F5557EE00F35F27 /* SecondViewController.m */ = {isa = PBXFileReference; fileEncoding = 4; lastKnownFileType = sourcecode.c.objc; path = SecondViewController.m; sourceTree = "<group>"; };
		B838E9631F5557EE00F35F27 /* ViewController.h */ = {isa = PBXFileReference; fileEncoding = 4; lastKnownFileType = sourcecode.c.h; path = ViewController.h; sourceTree = "<group>"; };
		B838E9641F5557EE00F35F27 /* ViewController.m */ = {isa = PBXFileReference; fileEncoding = 4; lastKnownFileType = sourcecode.c.objc; path = ViewController.m; sourceTree = "<group>"; };
		B8C578A11F4BCC850060528B /* PLPlayerPackaging.app */ = {isa = PBXFileReference; explicitFileType = wrapper.application; includeInIndex = 0; path = PLPlayerPackaging.app; sourceTree = BUILT_PRODUCTS_DIR; };
		B8C94ECB1F58078C0048BC94 /* AppDelegate+NI_Extension.h */ = {isa = PBXFileReference; fileEncoding = 4; lastKnownFileType = sourcecode.c.h; path = "AppDelegate+NI_Extension.h"; sourceTree = "<group>"; };
		B8C94ECC1F58078C0048BC94 /* AppDelegate+NI_Extension.m */ = {isa = PBXFileReference; fileEncoding = 4; lastKnownFileType = sourcecode.c.objc; path = "AppDelegate+NI_Extension.m"; sourceTree = "<group>"; };
		B8C94ECD1F58078C0048BC94 /* UINavigationController+NI_allowRote.h */ = {isa = PBXFileReference; fileEncoding = 4; lastKnownFileType = sourcecode.c.h; path = "UINavigationController+NI_allowRote.h"; sourceTree = "<group>"; };
		B8C94ECE1F58078C0048BC94 /* UINavigationController+NI_allowRote.m */ = {isa = PBXFileReference; fileEncoding = 4; lastKnownFileType = sourcecode.c.objc; path = "UINavigationController+NI_allowRote.m"; sourceTree = "<group>"; };
		B8C94ECF1F58078C0048BC94 /* UITabBarController+NI_allRote.h */ = {isa = PBXFileReference; fileEncoding = 4; lastKnownFileType = sourcecode.c.h; path = "UITabBarController+NI_allRote.h"; sourceTree = "<group>"; };
		B8C94ED01F58078C0048BC94 /* UITabBarController+NI_allRote.m */ = {isa = PBXFileReference; fileEncoding = 4; lastKnownFileType = sourcecode.c.objc; path = "UITabBarController+NI_allRote.m"; sourceTree = "<group>"; };
		B8C94ED11F58078C0048BC94 /* UIView+ni_keyboard.h */ = {isa = PBXFileReference; fileEncoding = 4; lastKnownFileType = sourcecode.c.h; path = "UIView+ni_keyboard.h"; sourceTree = "<group>"; };
		B8C94ED21F58078C0048BC94 /* UIView+ni_keyboard.m */ = {isa = PBXFileReference; fileEncoding = 4; lastKnownFileType = sourcecode.c.objc; path = "UIView+ni_keyboard.m"; sourceTree = "<group>"; };
		B8C94ED41F58078C0048BC94 /* IBCBarrageView.h */ = {isa = PBXFileReference; fileEncoding = 4; lastKnownFileType = sourcecode.c.h; path = IBCBarrageView.h; sourceTree = "<group>"; };
		B8C94ED51F58078C0048BC94 /* IBCBarrageView.m */ = {isa = PBXFileReference; fileEncoding = 4; lastKnownFileType = sourcecode.c.objc; path = IBCBarrageView.m; sourceTree = "<group>"; };
		B8C94ED61F58078C0048BC94 /* PlayerFullChatView.h */ = {isa = PBXFileReference; fileEncoding = 4; lastKnownFileType = sourcecode.c.h; path = PlayerFullChatView.h; sourceTree = "<group>"; };
		B8C94ED71F58078C0048BC94 /* PlayerFullChatView.m */ = {isa = PBXFileReference; fileEncoding = 4; lastKnownFileType = sourcecode.c.objc; path = PlayerFullChatView.m; sourceTree = "<group>"; };
		B8C94ED91F58078C0048BC94 /* DemoDanmakuModel.h */ = {isa = PBXFileReference; fileEncoding = 4; lastKnownFileType = sourcecode.c.h; path = DemoDanmakuModel.h; sourceTree = "<group>"; };
		B8C94EDA1F58078C0048BC94 /* DemoDanmakuModel.m */ = {isa = PBXFileReference; fileEncoding = 4; lastKnownFileType = sourcecode.c.objc; path = DemoDanmakuModel.m; sourceTree = "<group>"; };
		B8C94EDB1F58078C0048BC94 /* HJDanmaku.h */ = {isa = PBXFileReference; fileEncoding = 4; lastKnownFileType = sourcecode.c.h; path = HJDanmaku.h; sourceTree = "<group>"; };
		B8C94EDC1F58078C0048BC94 /* HJDanmakuCell.h */ = {isa = PBXFileReference; fileEncoding = 4; lastKnownFileType = sourcecode.c.h; path = HJDanmakuCell.h; sourceTree = "<group>"; };
		B8C94EDD1F58078C0048BC94 /* HJDanmakuCell.m */ = {isa = PBXFileReference; fileEncoding = 4; lastKnownFileType = sourcecode.c.objc; path = HJDanmakuCell.m; sourceTree = "<group>"; };
		B8C94EDE1F58078C0048BC94 /* HJDanmakuConfiguration.h */ = {isa = PBXFileReference; fileEncoding = 4; lastKnownFileType = sourcecode.c.h; path = HJDanmakuConfiguration.h; sourceTree = "<group>"; };
		B8C94EDF1F58078C0048BC94 /* HJDanmakuConfiguration.m */ = {isa = PBXFileReference; fileEncoding = 4; lastKnownFileType = sourcecode.c.objc; path = HJDanmakuConfiguration.m; sourceTree = "<group>"; };
		B8C94EE01F58078C0048BC94 /* HJDanmakuDefines.h */ = {isa = PBXFileReference; fileEncoding = 4; lastKnownFileType = sourcecode.c.h; path = HJDanmakuDefines.h; sourceTree = "<group>"; };
		B8C94EE11F58078C0048BC94 /* HJDanmakuModel.h */ = {isa = PBXFileReference; fileEncoding = 4; lastKnownFileType = sourcecode.c.h; path = HJDanmakuModel.h; sourceTree = "<group>"; };
		B8C94EE21F58078C0048BC94 /* HJDanmakuModel.m */ = {isa = PBXFileReference; fileEncoding = 4; lastKnownFileType = sourcecode.c.objc; path = HJDanmakuModel.m; sourceTree = "<group>"; };
		B8C94EE31F58078C0048BC94 /* HJDanmakuView.h */ = {isa = PBXFileReference; fileEncoding = 4; lastKnownFileType = sourcecode.c.h; path = HJDanmakuView.h; sourceTree = "<group>"; };
		B8C94EE41F58078C0048BC94 /* HJDanmakuView.m */ = {isa = PBXFileReference; fileEncoding = 4; lastKnownFileType = sourcecode.c.objc; path = HJDanmakuView.m; sourceTree = "<group>"; };
		B8C94EE61F58078C0048BC94 /* NINetMonitor.h */ = {isa = PBXFileReference; fileEncoding = 4; lastKnownFileType = sourcecode.c.h; path = NINetMonitor.h; sourceTree = "<group>"; };
		B8C94EE71F58078C0048BC94 /* NINetMonitor.m */ = {isa = PBXFileReference; fileEncoding = 4; lastKnownFileType = sourcecode.c.objc; path = NINetMonitor.m; sourceTree = "<group>"; };
		B8C94EE81F58078C0048BC94 /* NIReachability.h */ = {isa = PBXFileReference; fileEncoding = 4; lastKnownFileType = sourcecode.c.h; path = NIReachability.h; sourceTree = "<group>"; };
		B8C94EE91F58078C0048BC94 /* NIReachability.m */ = {isa = PBXFileReference; fileEncoding = 4; lastKnownFileType = sourcecode.c.objc; path = NIReachability.m; sourceTree = "<group>"; };
		B8C94EEA1F58078C0048BC94 /* Pack.bundle */ = {isa = PBXFileReference; lastKnownFileType = "wrapper.plug-in"; path = Pack.bundle; sourceTree = "<group>"; };
		B8C94EEB1F58078C0048BC94 /* PackControlScheduler.h */ = {isa = PBXFileReference; fileEncoding = 4; lastKnownFileType = sourcecode.c.h; path = PackControlScheduler.h; sourceTree = "<group>"; };
		B8C94EEC1F58078C0048BC94 /* PackControlScheduler.m */ = {isa = PBXFileReference; fileEncoding = 4; lastKnownFileType = sourcecode.c.objc; path = PackControlScheduler.m; sourceTree = "<group>"; };
		B8C94EED1F58078C0048BC94 /* PackPlayer.h */ = {isa = PBXFileReference; fileEncoding = 4; lastKnownFileType = sourcecode.c.h; path = PackPlayer.h; sourceTree = "<group>"; };
		B8C94EEE1F58078C0048BC94 /* PackPlayer.m */ = {isa = PBXFileReference; fileEncoding = 4; lastKnownFileType = sourcecode.c.objc; path = PackPlayer.m; sourceTree = "<group>"; };
		B8C94EEF1F58078C0048BC94 /* PackPlayerControl.h */ = {isa = PBXFileReference; fileEncoding = 4; lastKnownFileType = sourcecode.c.h; path = PackPlayerControl.h; sourceTree = "<group>"; };
		B8C94EF01F58078C0048BC94 /* PackPlayerControl.m */ = {isa = PBXFileReference; fileEncoding = 4; lastKnownFileType = sourcecode.c.objc; path = PackPlayerControl.m; sourceTree = "<group>"; };
		B8C94EF11F58078C0048BC94 /* PackPlayerControl.xib */ = {isa = PBXFileReference; fileEncoding = 4; lastKnownFileType = file.xib; path = PackPlayerControl.xib; sourceTree = "<group>"; };
		B8C94EF21F58078C0048BC94 /* PackPlayerControlProtocol.h */ = {isa = PBXFileReference; fileEncoding = 4; lastKnownFileType = sourcecode.c.h; path = PackPlayerControlProtocol.h; sourceTree = "<group>"; };
		B8C94EF31F58078C0048BC94 /* PackPlayerMacro.h */ = {isa = PBXFileReference; fileEncoding = 4; lastKnownFileType = sourcecode.c.h; path = PackPlayerMacro.h; sourceTree = "<group>"; };
		B8C94EF41F58078C0048BC94 /* PackPlayerSlider.h */ = {isa = PBXFileReference; fileEncoding = 4; lastKnownFileType = sourcecode.c.h; path = PackPlayerSlider.h; sourceTree = "<group>"; };
		B8C94EF51F58078C0048BC94 /* PackPlayerSlider.m */ = {isa = PBXFileReference; fileEncoding = 4; lastKnownFileType = sourcecode.c.objc; path = PackPlayerSlider.m; sourceTree = "<group>"; };
		B8C94EF61F58078C0048BC94 /* PlayerOuterProtocol.h */ = {isa = PBXFileReference; fileEncoding = 4; lastKnownFileType = sourcecode.c.h; path = PlayerOuterProtocol.h; sourceTree = "<group>"; };
/* End PBXFileReference section */

/* Begin PBXFrameworksBuildPhase section */
		B8C5789E1F4BCC850060528B /* Frameworks */ = {
			isa = PBXFrameworksBuildPhase;
			buildActionMask = 2147483647;
			files = (
				81490071CB86E98D900FF284 /* libPods-PLPlayerPackaging.a in Frameworks */,
			);
			runOnlyForDeploymentPostprocessing = 0;
		};
/* End PBXFrameworksBuildPhase section */

/* Begin PBXGroup section */
		8D39242FB34E6242A0FBEE81 /* Pods */ = {
			isa = PBXGroup;
			children = (
				826EAE65215D24EEACF24D24 /* Pods-PLPlayerPackaging.debug.xcconfig */,
				27A1DF62B2CA790EE29A7021 /* Pods-PLPlayerPackaging.release.xcconfig */,
			);
			name = Pods;
			sourceTree = "<group>";
		};
		AA12DE6795D4D34158531A0E /* Frameworks */ = {
			isa = PBXGroup;
			children = (
				58C7B024DAE9B2FB124B8A87 /* libPods-PLPlayerPackaging.a */,
			);
			name = Frameworks;
			sourceTree = "<group>";
		};
		B838E9421F5557EE00F35F27 /* PLPlayerPackaging */ = {
			isa = PBXGroup;
			children = (
				B8C94EC91F58078C0048BC94 /* PLPlayerPackaging */,
				B838E9431F5557EE00F35F27 /* AppDelegate.h */,
				B838E9441F5557EE00F35F27 /* AppDelegate.m */,
				B838E9451F5557EE00F35F27 /* Assets.xcassets */,
				B838E9461F5557EE00F35F27 /* LaunchScreen.storyboard */,
				B838E9481F5557EE00F35F27 /* Main.storyboard */,
				B838E94A1F5557EE00F35F27 /* Info.plist */,
				B838E94B1F5557EE00F35F27 /* main.m */,
				B838E9611F5557EE00F35F27 /* SecondViewController.h */,
				B838E9621F5557EE00F35F27 /* SecondViewController.m */,
				B838E9631F5557EE00F35F27 /* ViewController.h */,
				B838E9641F5557EE00F35F27 /* ViewController.m */,
			);
			path = PLPlayerPackaging;
			sourceTree = "<group>";
		};
		B8C578981F4BCC850060528B = {
			isa = PBXGroup;
			children = (
				B838E9421F5557EE00F35F27 /* PLPlayerPackaging */,
				B8C578A21F4BCC850060528B /* Products */,
				8D39242FB34E6242A0FBEE81 /* Pods */,
				AA12DE6795D4D34158531A0E /* Frameworks */,
			);
			sourceTree = "<group>";
		};
		B8C578A21F4BCC850060528B /* Products */ = {
			isa = PBXGroup;
			children = (
				B8C578A11F4BCC850060528B /* PLPlayerPackaging.app */,
			);
			name = Products;
			sourceTree = "<group>";
		};
		B8C94EC91F58078C0048BC94 /* PLPlayerPackaging */ = {
			isa = PBXGroup;
			children = (
				B8C94ECA1F58078C0048BC94 /* Category */,
				B8C94ED31F58078C0048BC94 /* ControlUI */,
				B8C94ED81F58078C0048BC94 /* HJDanmaku */,
				B8C94EE51F58078C0048BC94 /* NetworkStatus */,
				B8C94EEA1F58078C0048BC94 /* Pack.bundle */,
				B8C94EEB1F58078C0048BC94 /* PackControlScheduler.h */,
				B8C94EEC1F58078C0048BC94 /* PackControlScheduler.m */,
				B8C94EED1F58078C0048BC94 /* PackPlayer.h */,
				B8C94EEE1F58078C0048BC94 /* PackPlayer.m */,
				B8C94EEF1F58078C0048BC94 /* PackPlayerControl.h */,
				B8C94EF01F58078C0048BC94 /* PackPlayerControl.m */,
				B8C94EF11F58078C0048BC94 /* PackPlayerControl.xib */,
				B8C94EF21F58078C0048BC94 /* PackPlayerControlProtocol.h */,
				B8C94EF31F58078C0048BC94 /* PackPlayerMacro.h */,
				B8C94EF41F58078C0048BC94 /* PackPlayerSlider.h */,
				B8C94EF51F58078C0048BC94 /* PackPlayerSlider.m */,
				B8C94EF61F58078C0048BC94 /* PlayerOuterProtocol.h */,
			);
			path = PLPlayerPackaging;
			sourceTree = "<group>";
		};
		B8C94ECA1F58078C0048BC94 /* Category */ = {
			isa = PBXGroup;
			children = (
				B8C94ECB1F58078C0048BC94 /* AppDelegate+NI_Extension.h */,
				B8C94ECC1F58078C0048BC94 /* AppDelegate+NI_Extension.m */,
				B8C94ECD1F58078C0048BC94 /* UINavigationController+NI_allowRote.h */,
				B8C94ECE1F58078C0048BC94 /* UINavigationController+NI_allowRote.m */,
				B8C94ECF1F58078C0048BC94 /* UITabBarController+NI_allRote.h */,
				B8C94ED01F58078C0048BC94 /* UITabBarController+NI_allRote.m */,
				B8C94ED11F58078C0048BC94 /* UIView+ni_keyboard.h */,
				B8C94ED21F58078C0048BC94 /* UIView+ni_keyboard.m */,
			);
			path = Category;
			sourceTree = "<group>";
		};
		B8C94ED31F58078C0048BC94 /* ControlUI */ = {
			isa = PBXGroup;
			children = (
				B8C94ED41F58078C0048BC94 /* IBCBarrageView.h */,
				B8C94ED51F58078C0048BC94 /* IBCBarrageView.m */,
				B8C94ED61F58078C0048BC94 /* PlayerFullChatView.h */,
				B8C94ED71F58078C0048BC94 /* PlayerFullChatView.m */,
			);
			path = ControlUI;
			sourceTree = "<group>";
		};
		B8C94ED81F58078C0048BC94 /* HJDanmaku */ = {
			isa = PBXGroup;
			children = (
				B8C94ED91F58078C0048BC94 /* DemoDanmakuModel.h */,
				B8C94EDA1F58078C0048BC94 /* DemoDanmakuModel.m */,
				B8C94EDB1F58078C0048BC94 /* HJDanmaku.h */,
				B8C94EDC1F58078C0048BC94 /* HJDanmakuCell.h */,
				B8C94EDD1F58078C0048BC94 /* HJDanmakuCell.m */,
				B8C94EDE1F58078C0048BC94 /* HJDanmakuConfiguration.h */,
				B8C94EDF1F58078C0048BC94 /* HJDanmakuConfiguration.m */,
				B8C94EE01F58078C0048BC94 /* HJDanmakuDefines.h */,
				B8C94EE11F58078C0048BC94 /* HJDanmakuModel.h */,
				B8C94EE21F58078C0048BC94 /* HJDanmakuModel.m */,
				B8C94EE31F58078C0048BC94 /* HJDanmakuView.h */,
				B8C94EE41F58078C0048BC94 /* HJDanmakuView.m */,
			);
			path = HJDanmaku;
			sourceTree = "<group>";
		};
		B8C94EE51F58078C0048BC94 /* NetworkStatus */ = {
			isa = PBXGroup;
			children = (
				B8C94EE61F58078C0048BC94 /* NINetMonitor.h */,
				B8C94EE71F58078C0048BC94 /* NINetMonitor.m */,
				B8C94EE81F58078C0048BC94 /* NIReachability.h */,
				B8C94EE91F58078C0048BC94 /* NIReachability.m */,
			);
			path = NetworkStatus;
			sourceTree = "<group>";
		};
/* End PBXGroup section */

/* Begin PBXNativeTarget section */
		B8C578A01F4BCC850060528B /* PLPlayerPackaging */ = {
			isa = PBXNativeTarget;
			buildConfigurationList = B8C578B81F4BCC850060528B /* Build configuration list for PBXNativeTarget "PLPlayerPackaging" */;
			buildPhases = (
				FE87C036E8FD86ACEE57B18B /* [CP] Check Pods Manifest.lock */,
				B8C5789D1F4BCC850060528B /* Sources */,
				B8C5789E1F4BCC850060528B /* Frameworks */,
				B8C5789F1F4BCC850060528B /* Resources */,
				44E5219A7F5396DB311FBA35 /* [CP] Embed Pods Frameworks */,
				3853B18298CF284AA9A6546B /* [CP] Copy Pods Resources */,
			);
			buildRules = (
			);
			dependencies = (
			);
			name = PLPlayerPackaging;
			productName = PLPlayerPackaging;
			productReference = B8C578A11F4BCC850060528B /* PLPlayerPackaging.app */;
			productType = "com.apple.product-type.application";
		};
/* End PBXNativeTarget section */

/* Begin PBXProject section */
		B8C578991F4BCC850060528B /* Project object */ = {
			isa = PBXProject;
			attributes = {
				LastUpgradeCheck = 0830;
				ORGANIZATIONNAME = nina;
				TargetAttributes = {
					B8C578A01F4BCC850060528B = {
						CreatedOnToolsVersion = 8.3.3;
						DevelopmentTeam = N7XENL549V;
						ProvisioningStyle = Automatic;
					};
				};
			};
			buildConfigurationList = B8C5789C1F4BCC850060528B /* Build configuration list for PBXProject "PLPlayerPackaging" */;
			compatibilityVersion = "Xcode 3.2";
			developmentRegion = English;
			hasScannedForEncodings = 0;
			knownRegions = (
				en,
				Base,
			);
			mainGroup = B8C578981F4BCC850060528B;
			productRefGroup = B8C578A21F4BCC850060528B /* Products */;
			projectDirPath = "";
			projectRoot = "";
			targets = (
				B8C578A01F4BCC850060528B /* PLPlayerPackaging */,
			);
		};
/* End PBXProject section */

/* Begin PBXResourcesBuildPhase section */
		B8C5789F1F4BCC850060528B /* Resources */ = {
			isa = PBXResourcesBuildPhase;
			buildActionMask = 2147483647;
			files = (
				B838E9691F5557EE00F35F27 /* Info.plist in Resources */,
				B838E9681F5557EE00F35F27 /* Main.storyboard in Resources */,
				B838E9661F5557EE00F35F27 /* Assets.xcassets in Resources */,
				B8C94F081F58078C0048BC94 /* PackPlayerControl.xib in Resources */,
				B838E9671F5557EE00F35F27 /* LaunchScreen.storyboard in Resources */,
				B8C94F041F58078C0048BC94 /* Pack.bundle in Resources */,
			);
			runOnlyForDeploymentPostprocessing = 0;
		};
/* End PBXResourcesBuildPhase section */

/* Begin PBXShellScriptBuildPhase section */
		3853B18298CF284AA9A6546B /* [CP] Copy Pods Resources */ = {
			isa = PBXShellScriptBuildPhase;
			buildActionMask = 2147483647;
			files = (
			);
			inputPaths = (
			);
			name = "[CP] Copy Pods Resources";
			outputPaths = (
			);
			runOnlyForDeploymentPostprocessing = 0;
			shellPath = /bin/sh;
			shellScript = "\"${SRCROOT}/Pods/Target Support Files/Pods-PLPlayerPackaging/Pods-PLPlayerPackaging-resources.sh\"\n";
			showEnvVarsInLog = 0;
		};
		44E5219A7F5396DB311FBA35 /* [CP] Embed Pods Frameworks */ = {
			isa = PBXShellScriptBuildPhase;
			buildActionMask = 2147483647;
			files = (
			);
			inputPaths = (
			);
			name = "[CP] Embed Pods Frameworks";
			outputPaths = (
			);
			runOnlyForDeploymentPostprocessing = 0;
			shellPath = /bin/sh;
			shellScript = "\"${SRCROOT}/Pods/Target Support Files/Pods-PLPlayerPackaging/Pods-PLPlayerPackaging-frameworks.sh\"\n";
			showEnvVarsInLog = 0;
		};
		FE87C036E8FD86ACEE57B18B /* [CP] Check Pods Manifest.lock */ = {
			isa = PBXShellScriptBuildPhase;
			buildActionMask = 2147483647;
			files = (
			);
			inputPaths = (
			);
			name = "[CP] Check Pods Manifest.lock";
			outputPaths = (
			);
			runOnlyForDeploymentPostprocessing = 0;
			shellPath = /bin/sh;
			shellScript = "diff \"${PODS_ROOT}/../Podfile.lock\" \"${PODS_ROOT}/Manifest.lock\" > /dev/null\nif [ $? != 0 ] ; then\n    # print error to STDERR\n    echo \"error: The sandbox is not in sync with the Podfile.lock. Run 'pod install' or update your CocoaPods installation.\" >&2\n    exit 1\nfi\n";
			showEnvVarsInLog = 0;
		};
/* End PBXShellScriptBuildPhase section */

/* Begin PBXSourcesBuildPhase section */
		B8C5789D1F4BCC850060528B /* Sources */ = {
			isa = PBXSourcesBuildPhase;
			buildActionMask = 2147483647;
			files = (
				B8C94EFC1F58078C0048BC94 /* PlayerFullChatView.m in Sources */,
				B8C94EFE1F58078C0048BC94 /* HJDanmakuCell.m in Sources */,
				B8C94EF81F58078C0048BC94 /* UINavigationController+NI_allowRote.m in Sources */,
				B8C94EFB1F58078C0048BC94 /* IBCBarrageView.m in Sources */,
				B8C94F031F58078C0048BC94 /* NIReachability.m in Sources */,
				B8C94F011F58078C0048BC94 /* HJDanmakuView.m in Sources */,
				B838E9751F5557EE00F35F27 /* SecondViewController.m in Sources */,
				B8C94EFA1F58078C0048BC94 /* UIView+ni_keyboard.m in Sources */,
				B8C94F051F58078C0048BC94 /* PackControlScheduler.m in Sources */,
				B8C94EF91F58078C0048BC94 /* UITabBarController+NI_allRote.m in Sources */,
				B838E9761F5557EE00F35F27 /* ViewController.m in Sources */,
				B8C94F061F58078C0048BC94 /* PackPlayer.m in Sources */,
				B8C94EF71F58078C0048BC94 /* AppDelegate+NI_Extension.m in Sources */,
				B8C94EFF1F58078C0048BC94 /* HJDanmakuConfiguration.m in Sources */,
				B838E96A1F5557EE00F35F27 /* main.m in Sources */,
				B838E9651F5557EE00F35F27 /* AppDelegate.m in Sources */,
				B8C94EFD1F58078C0048BC94 /* DemoDanmakuModel.m in Sources */,
				B8C94F001F58078C0048BC94 /* HJDanmakuModel.m in Sources */,
				B8C94F091F58078C0048BC94 /* PackPlayerSlider.m in Sources */,
				B8C94F021F58078C0048BC94 /* NINetMonitor.m in Sources */,
				B8C94F071F58078C0048BC94 /* PackPlayerControl.m in Sources */,
			);
			runOnlyForDeploymentPostprocessing = 0;
		};
/* End PBXSourcesBuildPhase section */

/* Begin PBXVariantGroup section */
		B838E9461F5557EE00F35F27 /* LaunchScreen.storyboard */ = {
			isa = PBXVariantGroup;
			children = (
				B838E9471F5557EE00F35F27 /* Base */,
			);
			name = LaunchScreen.storyboard;
			sourceTree = "<group>";
		};
		B838E9481F5557EE00F35F27 /* Main.storyboard */ = {
			isa = PBXVariantGroup;
			children = (
				B838E9491F5557EE00F35F27 /* Base */,
			);
			name = Main.storyboard;
			sourceTree = "<group>";
		};
/* End PBXVariantGroup section */

/* Begin XCBuildConfiguration section */
		B8C578B61F4BCC850060528B /* Debug */ = {
			isa = XCBuildConfiguration;
			buildSettings = {
				ALWAYS_SEARCH_USER_PATHS = NO;
				CLANG_ANALYZER_NONNULL = YES;
				CLANG_ANALYZER_NUMBER_OBJECT_CONVERSION = YES_AGGRESSIVE;
				CLANG_CXX_LANGUAGE_STANDARD = "gnu++0x";
				CLANG_CXX_LIBRARY = "libc++";
				CLANG_ENABLE_MODULES = YES;
				CLANG_ENABLE_OBJC_ARC = YES;
				CLANG_WARN_BOOL_CONVERSION = YES;
				CLANG_WARN_CONSTANT_CONVERSION = YES;
				CLANG_WARN_DIRECT_OBJC_ISA_USAGE = YES_ERROR;
				CLANG_WARN_DOCUMENTATION_COMMENTS = YES;
				CLANG_WARN_EMPTY_BODY = YES;
				CLANG_WARN_ENUM_CONVERSION = YES;
				CLANG_WARN_INFINITE_RECURSION = YES;
				CLANG_WARN_INT_CONVERSION = YES;
				CLANG_WARN_OBJC_ROOT_CLASS = YES_ERROR;
				CLANG_WARN_SUSPICIOUS_MOVE = YES;
				CLANG_WARN_UNREACHABLE_CODE = YES;
				CLANG_WARN__DUPLICATE_METHOD_MATCH = YES;
				"CODE_SIGN_IDENTITY[sdk=iphoneos*]" = "iPhone Developer";
				COPY_PHASE_STRIP = NO;
				DEBUG_INFORMATION_FORMAT = dwarf;
				ENABLE_STRICT_OBJC_MSGSEND = YES;
				ENABLE_TESTABILITY = YES;
				GCC_C_LANGUAGE_STANDARD = gnu99;
				GCC_DYNAMIC_NO_PIC = NO;
				GCC_NO_COMMON_BLOCKS = YES;
				GCC_OPTIMIZATION_LEVEL = 0;
				GCC_PREPROCESSOR_DEFINITIONS = (
					"DEBUG=1",
					"$(inherited)",
				);
				GCC_WARN_64_TO_32_BIT_CONVERSION = YES;
				GCC_WARN_ABOUT_RETURN_TYPE = YES_ERROR;
				GCC_WARN_UNDECLARED_SELECTOR = YES;
				GCC_WARN_UNINITIALIZED_AUTOS = YES_AGGRESSIVE;
				GCC_WARN_UNUSED_FUNCTION = YES;
				GCC_WARN_UNUSED_VARIABLE = YES;
				IPHONEOS_DEPLOYMENT_TARGET = 10.3;
				MTL_ENABLE_DEBUG_INFO = YES;
				ONLY_ACTIVE_ARCH = YES;
				SDKROOT = iphoneos;
			};
			name = Debug;
		};
		B8C578B71F4BCC850060528B /* Release */ = {
			isa = XCBuildConfiguration;
			buildSettings = {
				ALWAYS_SEARCH_USER_PATHS = NO;
				CLANG_ANALYZER_NONNULL = YES;
				CLANG_ANALYZER_NUMBER_OBJECT_CONVERSION = YES_AGGRESSIVE;
				CLANG_CXX_LANGUAGE_STANDARD = "gnu++0x";
				CLANG_CXX_LIBRARY = "libc++";
				CLANG_ENABLE_MODULES = YES;
				CLANG_ENABLE_OBJC_ARC = YES;
				CLANG_WARN_BOOL_CONVERSION = YES;
				CLANG_WARN_CONSTANT_CONVERSION = YES;
				CLANG_WARN_DIRECT_OBJC_ISA_USAGE = YES_ERROR;
				CLANG_WARN_DOCUMENTATION_COMMENTS = YES;
				CLANG_WARN_EMPTY_BODY = YES;
				CLANG_WARN_ENUM_CONVERSION = YES;
				CLANG_WARN_INFINITE_RECURSION = YES;
				CLANG_WARN_INT_CONVERSION = YES;
				CLANG_WARN_OBJC_ROOT_CLASS = YES_ERROR;
				CLANG_WARN_SUSPICIOUS_MOVE = YES;
				CLANG_WARN_UNREACHABLE_CODE = YES;
				CLANG_WARN__DUPLICATE_METHOD_MATCH = YES;
				"CODE_SIGN_IDENTITY[sdk=iphoneos*]" = "iPhone Developer";
				COPY_PHASE_STRIP = NO;
				DEBUG_INFORMATION_FORMAT = "dwarf-with-dsym";
				ENABLE_NS_ASSERTIONS = NO;
				ENABLE_STRICT_OBJC_MSGSEND = YES;
				GCC_C_LANGUAGE_STANDARD = gnu99;
				GCC_NO_COMMON_BLOCKS = YES;
				GCC_WARN_64_TO_32_BIT_CONVERSION = YES;
				GCC_WARN_ABOUT_RETURN_TYPE = YES_ERROR;
				GCC_WARN_UNDECLARED_SELECTOR = YES;
				GCC_WARN_UNINITIALIZED_AUTOS = YES_AGGRESSIVE;
				GCC_WARN_UNUSED_FUNCTION = YES;
				GCC_WARN_UNUSED_VARIABLE = YES;
				IPHONEOS_DEPLOYMENT_TARGET = 10.3;
				MTL_ENABLE_DEBUG_INFO = NO;
				SDKROOT = iphoneos;
				VALIDATE_PRODUCT = YES;
			};
			name = Release;
		};
		B8C578B91F4BCC850060528B /* Debug */ = {
			isa = XCBuildConfiguration;
			baseConfigurationReference = 826EAE65215D24EEACF24D24 /* Pods-PLPlayerPackaging.debug.xcconfig */;
			buildSettings = {
				ASSETCATALOG_COMPILER_APPICON_NAME = AppIcon;
				DEVELOPMENT_TEAM = N7XENL549V;
				INFOPLIST_FILE = PLPlayerPackaging/Info.plist;
				IPHONEOS_DEPLOYMENT_TARGET = 10.1;
				LD_RUNPATH_SEARCH_PATHS = "$(inherited) @executable_path/Frameworks";
				PRODUCT_BUNDLE_IDENTIFIER = org.zn.newsControl.PLPlayerPackaging;
				PRODUCT_NAME = "$(TARGET_NAME)";
			};
			name = Debug;
		};
		B8C578BA1F4BCC850060528B /* Release */ = {
			isa = XCBuildConfiguration;
			baseConfigurationReference = 27A1DF62B2CA790EE29A7021 /* Pods-PLPlayerPackaging.release.xcconfig */;
			buildSettings = {
				ASSETCATALOG_COMPILER_APPICON_NAME = AppIcon;
				DEVELOPMENT_TEAM = N7XENL549V;
				INFOPLIST_FILE = PLPlayerPackaging/Info.plist;
				IPHONEOS_DEPLOYMENT_TARGET = 10.1;
				LD_RUNPATH_SEARCH_PATHS = "$(inherited) @executable_path/Frameworks";
				PRODUCT_BUNDLE_IDENTIFIER = org.zn.newsControl.PLPlayerPackaging;
				PRODUCT_NAME = "$(TARGET_NAME)";
			};
			name = Release;
		};
/* End XCBuildConfiguration section */

/* Begin XCConfigurationList section */
		B8C5789C1F4BCC850060528B /* Build configuration list for PBXProject "PLPlayerPackaging" */ = {
			isa = XCConfigurationList;
			buildConfigurations = (
				B8C578B61F4BCC850060528B /* Debug */,
				B8C578B71F4BCC850060528B /* Release */,
			);
			defaultConfigurationIsVisible = 0;
			defaultConfigurationName = Release;
		};
		B8C578B81F4BCC850060528B /* Build configuration list for PBXNativeTarget "PLPlayerPackaging" */ = {
			isa = XCConfigurationList;
			buildConfigurations = (
				B8C578B91F4BCC850060528B /* Debug */,
				B8C578BA1F4BCC850060528B /* Release */,
			);
			defaultConfigurationIsVisible = 0;
			defaultConfigurationName = Release;
		};
/* End XCConfigurationList section */
	};
	rootObject = B8C578991F4BCC850060528B /* Project object */;
}
